
Microsoft Visual Studio Solution File, Format Version 12.00
# Visual Studio Version 17
VisualStudioVersion = 17.0.31912.275
MinimumVisualStudioVersion = 10.0.40219.1
Project("{FAE04EC0-301F-11D3-BF4B-00C04F79EFBC}") = "CallFunciones", "CallFunciones\CallFunciones.csproj", "{8F467406-0570-4AE1-B8CE-5EDE348C7192}"
EndProject
Project("{FAE04EC0-301F-11D3-BF4B-00C04F79EFBC}") = "BibliotecadeFunciones", "BibliotecadeFunciones\BibliotecadeFunciones.csproj", "{77C9C204-3DC1-4107-B093-91CE4B46BF92}"
EndProject
Project("{FAE04EC0-301F-11D3-BF4B-00C04F79EFBC}") = "LlamandoDesdeWin", "LlamandoDesdeWin\LlamandoDesdeWin.csproj", "{EA67E54E-4D3A-49D2-95DD-B3AA5B670220}"
EndProject
Global
	GlobalSection(SolutionConfigurationPlatforms) = preSolution
		Debug|Any CPU = Debug|Any CPU
		Release|Any CPU = Release|Any CPU
	EndGlobalSection
	GlobalSection(ProjectConfigurationPlatforms) = postSolution
		{8F467406-0570-4AE1-B8CE-5EDE348C7192}.Debug|Any CPU.ActiveCfg = Debug|Any CPU
		{8F467406-0570-4AE1-B8CE-5EDE348C7192}.Debug|Any CPU.Build.0 = Debug|Any CPU
		{8F467406-0570-4AE1-B8CE-5EDE348C7192}.Release|Any CPU.ActiveCfg = Release|Any CPU
		{8F467406-0570-4AE1-B8CE-5EDE348C7192}.Release|Any CPU.Build.0 = Release|Any CPU
		{77C9C204-3DC1-4107-B093-91CE4B46BF92}.Debug|Any CPU.ActiveCfg = Debug|Any CPU
		{77C9C204-3DC1-4107-B093-91CE4B46BF92}.Debug|Any CPU.Build.0 = Debug|Any CPU
		{77C9C204-3DC1-4107-B093-91CE4B46BF92}.Release|Any CPU.ActiveCfg = Release|Any CPU
		{77C9C204-3DC1-4107-B093-91CE4B46BF92}.Release|Any CPU.Build.0 = Release|Any CPU
		{EA67E54E-4D3A-49D2-95DD-B3AA5B670220}.Debug|Any CPU.ActiveCfg = Debug|Any CPU
		{EA67E54E-4D3A-49D2-95DD-B3AA5B670220}.Debug|Any CPU.Build.0 = Debug|Any CPU
		{EA67E54E-4D3A-49D2-95DD-B3AA5B670220}.Release|Any CPU.ActiveCfg = Release|Any CPU
		{EA67E54E-4D3A-49D2-95DD-B3AA5B670220}.Release|Any CPU.Build.0 = Release|Any CPU
	EndGlobalSection
	GlobalSection(SolutionProperties) = preSolution
		HideSolutionNode = FALSE
	EndGlobalSection
	GlobalSection(ExtensibilityGlobals) = postSolution
		SolutionGuid = {C4022723-335D-48CC-9610-4F7D2E10724E}
	EndGlobalSection
EndGlobal
